
Microsoft Visual Studio Solution File, Format Version 12.00
# Visual Studio Version 17
VisualStudioVersion = 17.8.34525.116
MinimumVisualStudioVersion = 10.0.40219.1
Project("{FAE04EC0-301F-11D3-BF4B-00C04F79EFBC}") = "HomeWork_w13", "HomeWork_w13\HomeWork_w13.csproj", "{BC2A345F-DB37-4B8D-83FA-EF61AC95F57F}"
EndProject
Global
	GlobalSection(SolutionConfigurationPlatforms) = preSolution
		Debug|Any CPU = Debug|Any CPU
		Release|Any CPU = Release|Any CPU
	EndGlobalSection
	GlobalSection(ProjectConfigurationPlatforms) = postSolution
		{BC2A345F-DB37-4B8D-83FA-EF61AC95F57F}.Debug|Any CPU.ActiveCfg = Debug|Any CPU
		{BC2A345F-DB37-4B8D-83FA-EF61AC95F57F}.Debug|Any CPU.Build.0 = Debug|Any CPU
		{BC2A345F-DB37-4B8D-83FA-EF61AC95F57F}.Release|Any CPU.ActiveCfg = Release|Any CPU
		{BC2A345F-DB37-4B8D-83FA-EF61AC95F57F}.Release|Any CPU.Build.0 = Release|Any CPU
	EndGlobalSection
	GlobalSection(SolutionProperties) = preSolution
		HideSolutionNode = FALSE
	EndGlobalSection
	GlobalSection(ExtensibilityGlobals) = postSolution
		SolutionGuid = {544D0699-BCAE-4578-A3BD-0C394373AE62}
	EndGlobalSection
EndGlobal
