
Microsoft Visual Studio Solution File, Format Version 12.00
# Visual Studio Version 17
VisualStudioVersion = 17.2.32630.192
MinimumVisualStudioVersion = 10.0.40219.1
Project("{FAE04EC0-301F-11D3-BF4B-00C04F79EFBC}") = "ex_2_w11", "ex_2_w11\ex_2_w11.csproj", "{614E49AF-849C-4FC5-9606-8BFBBAFBEBDB}"
EndProject
Global
	GlobalSection(SolutionConfigurationPlatforms) = preSolution
		Debug|Any CPU = Debug|Any CPU
		Release|Any CPU = Release|Any CPU
	EndGlobalSection
	GlobalSection(ProjectConfigurationPlatforms) = postSolution
		{614E49AF-849C-4FC5-9606-8BFBBAFBEBDB}.Debug|Any CPU.ActiveCfg = Debug|Any CPU
		{614E49AF-849C-4FC5-9606-8BFBBAFBEBDB}.Debug|Any CPU.Build.0 = Debug|Any CPU
		{614E49AF-849C-4FC5-9606-8BFBBAFBEBDB}.Release|Any CPU.ActiveCfg = Release|Any CPU
		{614E49AF-849C-4FC5-9606-8BFBBAFBEBDB}.Release|Any CPU.Build.0 = Release|Any CPU
	EndGlobalSection
	GlobalSection(SolutionProperties) = preSolution
		HideSolutionNode = FALSE
	EndGlobalSection
	GlobalSection(ExtensibilityGlobals) = postSolution
		SolutionGuid = {D964AEC5-521B-4EF7-B161-2EC72C96988D}
	EndGlobalSection
EndGlobal
