
Microsoft Visual Studio Solution File, Format Version 12.00
# Visual Studio Version 17
VisualStudioVersion = 17.9.34728.123
MinimumVisualStudioVersion = 10.0.40219.1
Project("{FAE04EC0-301F-11D3-BF4B-00C04F79EFBC}") = "W14_ex3", "W14_ex3\W14_ex3.csproj", "{88091AEE-6E6E-4603-89FA-56498FAEFBD3}"
EndProject
Global
	GlobalSection(SolutionConfigurationPlatforms) = preSolution
		Debug|Any CPU = Debug|Any CPU
		Release|Any CPU = Release|Any CPU
	EndGlobalSection
	GlobalSection(ProjectConfigurationPlatforms) = postSolution
		{88091AEE-6E6E-4603-89FA-56498FAEFBD3}.Debug|Any CPU.ActiveCfg = Debug|Any CPU
		{88091AEE-6E6E-4603-89FA-56498FAEFBD3}.Debug|Any CPU.Build.0 = Debug|Any CPU
		{88091AEE-6E6E-4603-89FA-56498FAEFBD3}.Release|Any CPU.ActiveCfg = Release|Any CPU
		{88091AEE-6E6E-4603-89FA-56498FAEFBD3}.Release|Any CPU.Build.0 = Release|Any CPU
	EndGlobalSection
	GlobalSection(SolutionProperties) = preSolution
		HideSolutionNode = FALSE
	EndGlobalSection
	GlobalSection(ExtensibilityGlobals) = postSolution
		SolutionGuid = {83BACBD8-3DDA-44B5-9DF6-0229486036DA}
	EndGlobalSection
EndGlobal
