
Microsoft Visual Studio Solution File, Format Version 12.00
# Visual Studio Version 17
VisualStudioVersion = 17.9.34728.123
MinimumVisualStudioVersion = 10.0.40219.1
Project("{9A19103F-16F7-4668-BE54-9A1E7A4F7556}") = "WorkoutApplication", "WorkoutApplication.csproj", "{B4D48CE8-0DA2-43E3-A2BC-798A48119B5A}"
EndProject
Global
	GlobalSection(SolutionConfigurationPlatforms) = preSolution
		Debug|Any CPU = Debug|Any CPU
		Release|Any CPU = Release|Any CPU
	EndGlobalSection
	GlobalSection(ProjectConfigurationPlatforms) = postSolution
		{B4D48CE8-0DA2-43E3-A2BC-798A48119B5A}.Debug|Any CPU.ActiveCfg = Debug|Any CPU
		{B4D48CE8-0DA2-43E3-A2BC-798A48119B5A}.Debug|Any CPU.Build.0 = Debug|Any CPU
		{B4D48CE8-0DA2-43E3-A2BC-798A48119B5A}.Release|Any CPU.ActiveCfg = Release|Any CPU
		{B4D48CE8-0DA2-43E3-A2BC-798A48119B5A}.Release|Any CPU.Build.0 = Release|Any CPU
	EndGlobalSection
	GlobalSection(SolutionProperties) = preSolution
		HideSolutionNode = FALSE
	EndGlobalSection
	GlobalSection(ExtensibilityGlobals) = postSolution
		SolutionGuid = {84512EFC-D6E4-4145-8E77-AD4572DD481C}
	EndGlobalSection
EndGlobal
